// !$*UTF8*$!
{
	archiveVersion = 1;
	classes = {
	};
	objectVersion = 46;
	objects = {

/* Begin PBXBuildFile section */
		DC4B240516C273F800976283 /* UIKit.framework in Frameworks */ = {isa = PBXBuildFile; fileRef = DC4B240416C273F800976283 /* UIKit.framework */; };
		DC4B240716C273F800976283 /* Foundation.framework in Frameworks */ = {isa = PBXBuildFile; fileRef = DC4B240616C273F800976283 /* Foundation.framework */; };
		DC4B240916C273F800976283 /* CoreGraphics.framework in Frameworks */ = {isa = PBXBuildFile; fileRef = DC4B240816C273F800976283 /* CoreGraphics.framework */; };
		DC4B240F16C273F800976283 /* InfoPlist.strings in Resources */ = {isa = PBXBuildFile; fileRef = DC4B240D16C273F800976283 /* InfoPlist.strings */; };
		DC4B241116C273F800976283 /* main.m in Sources */ = {isa = PBXBuildFile; fileRef = DC4B241016C273F800976283 /* main.m */; };
		DC4B241516C273F800976283 /* NWAppDelegate.m in Sources */ = {isa = PBXBuildFile; fileRef = DC4B241416C273F800976283 /* NWAppDelegate.m */; };
		DC4B241716C273F800976283 /* Default.png in Resources */ = {isa = PBXBuildFile; fileRef = DC4B241616C273F800976283 /* Default.png */; };
		DC4B241916C273F800976283 /* Default@2x.png in Resources */ = {isa = PBXBuildFile; fileRef = DC4B241816C273F800976283 /* Default@2x.png */; };
		DC4B241B16C273F800976283 /* Default-568h@2x.png in Resources */ = {isa = PBXBuildFile; fileRef = DC4B241A16C273F800976283 /* Default-568h@2x.png */; };
		DC4B243016C2741500976283 /* STImageAnnotationView.m in Sources */ = {isa = PBXBuildFile; fileRef = DC4B242816C2741500976283 /* STImageAnnotationView.m */; };
		DC4B243116C2741500976283 /* MapAnnotation.m in Sources */ = {isa = PBXBuildFile; fileRef = DC4B242A16C2741500976283 /* MapAnnotation.m */; };
		DC4B243216C2741500976283 /* NWmanager.m in Sources */ = {isa = PBXBuildFile; fileRef = DC4B242C16C2741500976283 /* NWmanager.m */; };
		DC4B243316C2741500976283 /* NWViewLocationController.m in Sources */ = {isa = PBXBuildFile; fileRef = DC4B242E16C2741500976283 /* NWViewLocationController.m */; };
		DC4B243416C2741500976283 /* NWViewLocationController.xib in Resources */ = {isa = PBXBuildFile; fileRef = DC4B242F16C2741500976283 /* NWViewLocationController.xib */; };
		DC4B243716C2757400976283 /* pin.png in Resources */ = {isa = PBXBuildFile; fileRef = DC4B243616C2757400976283 /* pin.png */; };
		DC4B243A16C275AE00976283 /* URLConnection.m in Sources */ = {isa = PBXBuildFile; fileRef = DC4B243916C275AE00976283 /* URLConnection.m */; };
		DC4B243C16C2787D00976283 /* CoreLocation.framework in Frameworks */ = {isa = PBXBuildFile; fileRef = DC4B243B16C2787D00976283 /* CoreLocation.framework */; };
		DC4B243E16C2789800976283 /* MapKit.framework in Frameworks */ = {isa = PBXBuildFile; fileRef = DC4B243D16C2789800976283 /* MapKit.framework */; };
		DC4B244016C279B400976283 /* barlong.png in Resources */ = {isa = PBXBuildFile; fileRef = DC4B243F16C279B400976283 /* barlong.png */; };
		DC4B244216C366AC00976283 /* README.md in Resources */ = {isa = PBXBuildFile; fileRef = DC4B244116C366AC00976283 /* README.md */; };
/* End PBXBuildFile section */

/* Begin PBXFileReference section */
		DC4B240116C273F800976283 /* StreetView.app */ = {isa = PBXFileReference; explicitFileType = wrapper.application; includeInIndex = 0; path = StreetView.app; sourceTree = BUILT_PRODUCTS_DIR; };
		DC4B240416C273F800976283 /* UIKit.framework */ = {isa = PBXFileReference; lastKnownFileType = wrapper.framework; name = UIKit.framework; path = System/Library/Frameworks/UIKit.framework; sourceTree = SDKROOT; };
		DC4B240616C273F800976283 /* Foundation.framework */ = {isa = PBXFileReference; lastKnownFileType = wrapper.framework; name = Foundation.framework; path = System/Library/Frameworks/Foundation.framework; sourceTree = SDKROOT; };
		DC4B240816C273F800976283 /* CoreGraphics.framework */ = {isa = PBXFileReference; lastKnownFileType = wrapper.framework; name = CoreGraphics.framework; path = System/Library/Frameworks/CoreGraphics.framework; sourceTree = SDKROOT; };
		DC4B240C16C273F800976283 /* StreetView-Info.plist */ = {isa = PBXFileReference; lastKnownFileType = text.plist.xml; path = "StreetView-Info.plist"; sourceTree = "<group>"; };
		DC4B240E16C273F800976283 /* en */ = {isa = PBXFileReference; lastKnownFileType = text.plist.strings; name = en; path = en.lproj/InfoPlist.strings; sourceTree = "<group>"; };
		DC4B241016C273F800976283 /* main.m */ = {isa = PBXFileReference; lastKnownFileType = sourcecode.c.objc; path = main.m; sourceTree = "<group>"; };
		DC4B241216C273F800976283 /* StreetView-Prefix.pch */ = {isa = PBXFileReference; lastKnownFileType = sourcecode.c.h; path = "StreetView-Prefix.pch"; sourceTree = "<group>"; };
		DC4B241316C273F800976283 /* NWAppDelegate.h */ = {isa = PBXFileReference; lastKnownFileType = sourcecode.c.h; path = NWAppDelegate.h; sourceTree = "<group>"; };
		DC4B241416C273F800976283 /* NWAppDelegate.m */ = {isa = PBXFileReference; lastKnownFileType = sourcecode.c.objc; path = NWAppDelegate.m; sourceTree = "<group>"; };
		DC4B241616C273F800976283 /* Default.png */ = {isa = PBXFileReference; lastKnownFileType = image.png; path = Default.png; sourceTree = "<group>"; };
		DC4B241816C273F800976283 /* Default@2x.png */ = {isa = PBXFileReference; lastKnownFileType = image.png; path = "Default@2x.png"; sourceTree = "<group>"; };
		DC4B241A16C273F800976283 /* Default-568h@2x.png */ = {isa = PBXFileReference; lastKnownFileType = image.png; path = "Default-568h@2x.png"; sourceTree = "<group>"; };
		DC4B242716C2741500976283 /* STImageAnnotationView.h */ = {isa = PBXFileReference; fileEncoding = 4; lastKnownFileType = sourcecode.c.h; path = STImageAnnotationView.h; sourceTree = "<group>"; };
		DC4B242816C2741500976283 /* STImageAnnotationView.m */ = {isa = PBXFileReference; fileEncoding = 4; lastKnownFileType = sourcecode.c.objc; path = STImageAnnotationView.m; sourceTree = "<group>"; };
		DC4B242916C2741500976283 /* MapAnnotation.h */ = {isa = PBXFileReference; fileEncoding = 4; lastKnownFileType = sourcecode.c.h; path = MapAnnotation.h; sourceTree = "<group>"; };
		DC4B242A16C2741500976283 /* MapAnnotation.m */ = {isa = PBXFileReference; fileEncoding = 4; lastKnownFileType = sourcecode.c.objc; path = MapAnnotation.m; sourceTree = "<group>"; };
		DC4B242B16C2741500976283 /* NWmanager.h */ = {isa = PBXFileReference; fileEncoding = 4; lastKnownFileType = sourcecode.c.h; path = NWmanager.h; sourceTree = "<group>"; };
		DC4B242C16C2741500976283 /* NWmanager.m */ = {isa = PBXFileReference; fileEncoding = 4; lastKnownFileType = sourcecode.c.objc; path = NWmanager.m; sourceTree = "<group>"; };
		DC4B242D16C2741500976283 /* NWViewLocationController.h */ = {isa = PBXFileReference; fileEncoding = 4; lastKnownFileType = sourcecode.c.h; path = NWViewLocationController.h; sourceTree = "<group>"; };
		DC4B242E16C2741500976283 /* NWViewLocationController.m */ = {isa = PBXFileReference; fileEncoding = 4; lastKnownFileType = sourcecode.c.objc; path = NWViewLocationController.m; sourceTree = "<group>"; };
		DC4B242F16C2741500976283 /* NWViewLocationController.xib */ = {isa = PBXFileReference; fileEncoding = 4; lastKnownFileType = file.xib; path = NWViewLocationController.xib; sourceTree = "<group>"; };
		DC4B243616C2757400976283 /* pin.png */ = {isa = PBXFileReference; lastKnownFileType = image.png; path = pin.png; sourceTree = "<group>"; };
		DC4B243816C275AE00976283 /* URLConnection.h */ = {isa = PBXFileReference; fileEncoding = 4; lastKnownFileType = sourcecode.c.h; path = URLConnection.h; sourceTree = "<group>"; };
		DC4B243916C275AE00976283 /* URLConnection.m */ = {isa = PBXFileReference; fileEncoding = 4; lastKnownFileType = sourcecode.c.objc; path = URLConnection.m; sourceTree = "<group>"; };
		DC4B243B16C2787D00976283 /* CoreLocation.framework */ = {isa = PBXFileReference; lastKnownFileType = wrapper.framework; name = CoreLocation.framework; path = System/Library/Frameworks/CoreLocation.framework; sourceTree = SDKROOT; };
		DC4B243D16C2789800976283 /* MapKit.framework */ = {isa = PBXFileReference; lastKnownFileType = wrapper.framework; name = MapKit.framework; path = System/Library/Frameworks/MapKit.framework; sourceTree = SDKROOT; };
		DC4B243F16C279B400976283 /* barlong.png */ = {isa = PBXFileReference; lastKnownFileType = image.png; path = barlong.png; sourceTree = "<group>"; };
		DC4B244116C366AC00976283 /* README.md */ = {isa = PBXFileReference; fileEncoding = 4; lastKnownFileType = text; path = README.md; sourceTree = "<group>"; };
/* End PBXFileReference section */

/* Begin PBXFrameworksBuildPhase section */
		DC4B23FE16C273F800976283 /* Frameworks */ = {
			isa = PBXFrameworksBuildPhase;
			buildActionMask = 2147483647;
			files = (
				DC4B243E16C2789800976283 /* MapKit.framework in Frameworks */,
				DC4B243C16C2787D00976283 /* CoreLocation.framework in Frameworks */,
				DC4B240516C273F800976283 /* UIKit.framework in Frameworks */,
				DC4B240716C273F800976283 /* Foundation.framework in Frameworks */,
				DC4B240916C273F800976283 /* CoreGraphics.framework in Frameworks */,
			);
			runOnlyForDeploymentPostprocessing = 0;
		};
/* End PBXFrameworksBuildPhase section */

/* Begin PBXGroup section */
		DC4B23F816C273F800976283 = {
			isa = PBXGroup;
			children = (
				DC4B244116C366AC00976283 /* README.md */,
				DC4B240A16C273F800976283 /* StreetView */,
				DC4B240316C273F800976283 /* Frameworks */,
				DC4B240216C273F800976283 /* Products */,
			);
			sourceTree = "<group>";
		};
		DC4B240216C273F800976283 /* Products */ = {
			isa = PBXGroup;
			children = (
				DC4B240116C273F800976283 /* StreetView.app */,
			);
			name = Products;
			sourceTree = "<group>";
		};
		DC4B240316C273F800976283 /* Frameworks */ = {
			isa = PBXGroup;
			children = (
				DC4B243D16C2789800976283 /* MapKit.framework */,
				DC4B243B16C2787D00976283 /* CoreLocation.framework */,
				DC4B240416C273F800976283 /* UIKit.framework */,
				DC4B240616C273F800976283 /* Foundation.framework */,
				DC4B240816C273F800976283 /* CoreGraphics.framework */,
			);
			name = Frameworks;
			sourceTree = "<group>";
		};
		DC4B240A16C273F800976283 /* StreetView */ = {
			isa = PBXGroup;
			children = (
				DC4B243816C275AE00976283 /* URLConnection.h */,
				DC4B243916C275AE00976283 /* URLConnection.m */,
				DC4B242716C2741500976283 /* STImageAnnotationView.h */,
				DC4B242816C2741500976283 /* STImageAnnotationView.m */,
				DC4B242916C2741500976283 /* MapAnnotation.h */,
				DC4B242A16C2741500976283 /* MapAnnotation.m */,
				DC4B242B16C2741500976283 /* NWmanager.h */,
				DC4B242C16C2741500976283 /* NWmanager.m */,
				DC4B242D16C2741500976283 /* NWViewLocationController.h */,
				DC4B242E16C2741500976283 /* NWViewLocationController.m */,
				DC4B242F16C2741500976283 /* NWViewLocationController.xib */,
				DC4B241316C273F800976283 /* NWAppDelegate.h */,
				DC4B241416C273F800976283 /* NWAppDelegate.m */,
				DC4B240B16C273F800976283 /* Supporting Files */,
			);
			path = StreetView;
			sourceTree = "<group>";
		};
		DC4B240B16C273F800976283 /* Supporting Files */ = {
			isa = PBXGroup;
			children = (
				DC4B243F16C279B400976283 /* barlong.png */,
				DC4B243616C2757400976283 /* pin.png */,
				DC4B240C16C273F800976283 /* StreetView-Info.plist */,
				DC4B240D16C273F800976283 /* InfoPlist.strings */,
				DC4B241016C273F800976283 /* main.m */,
				DC4B241216C273F800976283 /* StreetView-Prefix.pch */,
				DC4B241616C273F800976283 /* Default.png */,
				DC4B241816C273F800976283 /* Default@2x.png */,
				DC4B241A16C273F800976283 /* Default-568h@2x.png */,
			);
			name = "Supporting Files";
			sourceTree = "<group>";
		};
/* End PBXGroup section */

/* Begin PBXNativeTarget section */
		DC4B240016C273F800976283 /* StreetView */ = {
			isa = PBXNativeTarget;
			buildConfigurationList = DC4B242416C273F800976283 /* Build configuration list for PBXNativeTarget "StreetView" */;
			buildPhases = (
				DC4B23FD16C273F800976283 /* Sources */,
				DC4B23FE16C273F800976283 /* Frameworks */,
				DC4B23FF16C273F800976283 /* Resources */,
			);
			buildRules = (
			);
			dependencies = (
			);
			name = StreetView;
			productName = StreetView;
			productReference = DC4B240116C273F800976283 /* StreetView.app */;
			productType = "com.apple.product-type.application";
		};
/* End PBXNativeTarget section */

/* Begin PBXProject section */
		DC4B23F916C273F800976283 /* Project object */ = {
			isa = PBXProject;
			attributes = {
				CLASSPREFIX = NW;
				LastUpgradeCheck = 0460;
				ORGANIZATIONNAME = "Sergey Dikarev";
			};
			buildConfigurationList = DC4B23FC16C273F800976283 /* Build configuration list for PBXProject "StreetView" */;
			compatibilityVersion = "Xcode 3.2";
			developmentRegion = English;
			hasScannedForEncodings = 0;
			knownRegions = (
				en,
			);
			mainGroup = DC4B23F816C273F800976283;
			productRefGroup = DC4B240216C273F800976283 /* Products */;
			projectDirPath = "";
			projectRoot = "";
			targets = (
				DC4B240016C273F800976283 /* StreetView */,
			);
		};
/* End PBXProject section */

/* Begin PBXResourcesBuildPhase section */
		DC4B23FF16C273F800976283 /* Resources */ = {
			isa = PBXResourcesBuildPhase;
			buildActionMask = 2147483647;
			files = (
				DC4B240F16C273F800976283 /* InfoPlist.strings in Resources */,
				DC4B241716C273F800976283 /* Default.png in Resources */,
				DC4B241916C273F800976283 /* Default@2x.png in Resources */,
				DC4B241B16C273F800976283 /* Default-568h@2x.png in Resources */,
				DC4B243416C2741500976283 /* NWViewLocationController.xib in Resources */,
				DC4B243716C2757400976283 /* pin.png in Resources */,
				DC4B244016C279B400976283 /* barlong.png in Resources */,
				DC4B244216C366AC00976283 /* README.md in Resources */,
			);
			runOnlyForDeploymentPostprocessing = 0;
		};
/* End PBXResourcesBuildPhase section */

/* Begin PBXSourcesBuildPhase section */
		DC4B23FD16C273F800976283 /* Sources */ = {
			isa = PBXSourcesBuildPhase;
			buildActionMask = 2147483647;
			files = (
				DC4B241116C273F800976283 /* main.m in Sources */,
				DC4B241516C273F800976283 /* NWAppDelegate.m in Sources */,
				DC4B243016C2741500976283 /* STImageAnnotationView.m in Sources */,
				DC4B243116C2741500976283 /* MapAnnotation.m in Sources */,
				DC4B243216C2741500976283 /* NWmanager.m in Sources */,
				DC4B243316C2741500976283 /* NWViewLocationController.m in Sources */,
				DC4B243A16C275AE00976283 /* URLConnection.m in Sources */,
			);
			runOnlyForDeploymentPostprocessing = 0;
		};
/* End PBXSourcesBuildPhase section */

/* Begin PBXVariantGroup section */
		DC4B240D16C273F800976283 /* InfoPlist.strings */ = {
			isa = PBXVariantGroup;
			children = (
				DC4B240E16C273F800976283 /* en */,
			);
			name = InfoPlist.strings;
			sourceTree = "<group>";
		};
/* End PBXVariantGroup section */

/* Begin XCBuildConfiguration section */
		DC4B242216C273F800976283 /* Debug */ = {
			isa = XCBuildConfiguration;
			buildSettings = {
				ALWAYS_SEARCH_USER_PATHS = NO;
				CLANG_CXX_LANGUAGE_STANDARD = "gnu++0x";
				CLANG_CXX_LIBRARY = "libc++";
				CLANG_ENABLE_OBJC_ARC = YES;
				CLANG_WARN_CONSTANT_CONVERSION = YES;
				CLANG_WARN_EMPTY_BODY = YES;
				CLANG_WARN_ENUM_CONVERSION = YES;
				CLANG_WARN_INT_CONVERSION = YES;
				CLANG_WARN__DUPLICATE_METHOD_MATCH = YES;
				"CODE_SIGN_IDENTITY[sdk=iphoneos*]" = "iPhone Developer";
				COPY_PHASE_STRIP = NO;
				GCC_C_LANGUAGE_STANDARD = gnu99;
				GCC_DYNAMIC_NO_PIC = NO;
				GCC_OPTIMIZATION_LEVEL = 0;
				GCC_PREPROCESSOR_DEFINITIONS = (
					"DEBUG=1",
					"$(inherited)",
				);
				GCC_SYMBOLS_PRIVATE_EXTERN = NO;
				GCC_WARN_ABOUT_RETURN_TYPE = YES;
				GCC_WARN_UNINITIALIZED_AUTOS = YES;
				GCC_WARN_UNUSED_VARIABLE = YES;
				IPHONEOS_DEPLOYMENT_TARGET = 6.1;
				ONLY_ACTIVE_ARCH = YES;
				SDKROOT = iphoneos;
			};
			name = Debug;
		};
		DC4B242316C273F800976283 /* Release */ = {
			isa = XCBuildConfiguration;
			buildSettings = {
				ALWAYS_SEARCH_USER_PATHS = NO;
				CLANG_CXX_LANGUAGE_STANDARD = "gnu++0x";
				CLANG_CXX_LIBRARY = "libc++";
				CLANG_ENABLE_OBJC_ARC = YES;
				CLANG_WARN_CONSTANT_CONVERSION = YES;
				CLANG_WARN_EMPTY_BODY = YES;
				CLANG_WARN_ENUM_CONVERSION = YES;
				CLANG_WARN_INT_CONVERSION = YES;
				CLANG_WARN__DUPLICATE_METHOD_MATCH = YES;
				"CODE_SIGN_IDENTITY[sdk=iphoneos*]" = "iPhone Developer";
				COPY_PHASE_STRIP = YES;
				GCC_C_LANGUAGE_STANDARD = gnu99;
				GCC_WARN_ABOUT_RETURN_TYPE = YES;
				GCC_WARN_UNINITIALIZED_AUTOS = YES;
				GCC_WARN_UNUSED_VARIABLE = YES;
				IPHONEOS_DEPLOYMENT_TARGET = 6.1;
				OTHER_CFLAGS = "-DNS_BLOCK_ASSERTIONS=1";
				SDKROOT = iphoneos;
				VALIDATE_PRODUCT = YES;
			};
			name = Release;
		};
		DC4B242516C273F800976283 /* Debug */ = {
			isa = XCBuildConfiguration;
			buildSettings = {
				GCC_PRECOMPILE_PREFIX_HEADER = YES;
				GCC_PREFIX_HEADER = "StreetView/StreetView-Prefix.pch";
				INFOPLIST_FILE = "StreetView/StreetView-Info.plist";
				PRODUCT_NAME = "$(TARGET_NAME)";
				WRAPPER_EXTENSION = app;
			};
			name = Debug;
		};
		DC4B242616C273F800976283 /* Release */ = {
			isa = XCBuildConfiguration;
			buildSettings = {
				GCC_PRECOMPILE_PREFIX_HEADER = YES;
				GCC_PREFIX_HEADER = "StreetView/StreetView-Prefix.pch";
				INFOPLIST_FILE = "StreetView/StreetView-Info.plist";
				PRODUCT_NAME = "$(TARGET_NAME)";
				WRAPPER_EXTENSION = app;
			};
			name = Release;
		};
/* End XCBuildConfiguration section */

/* Begin XCConfigurationList section */
		DC4B23FC16C273F800976283 /* Build configuration list for PBXProject "StreetView" */ = {
			isa = XCConfigurationList;
			buildConfigurations = (
				DC4B242216C273F800976283 /* Debug */,
				DC4B242316C273F800976283 /* Release */,
			);
			defaultConfigurationIsVisible = 0;
			defaultConfigurationName = Release;
		};
		DC4B242416C273F800976283 /* Build configuration list for PBXNativeTarget "StreetView" */ = {
			isa = XCConfigurationList;
			buildConfigurations = (
				DC4B242516C273F800976283 /* Debug */,
				DC4B242616C273F800976283 /* Release */,
			);
			defaultConfigurationIsVisible = 0;
		};
/* End XCConfigurationList section */
	};
	rootObject = DC4B23F916C273F800976283 /* Project object */;
}
